# Aufgeloester Stand aller Abhaengigkeiten — direkte UND mittelbare.
#
# Warum es diese Datei neben requirements.txt gibt
# ------------------------------------------------
# requirements.txt nennt fuenf Pakete mit fester Fassung. Was diese fuenf ihrerseits
# mitbringen, stand nirgends: asgiref, sqlparse, packaging, six, tzlocal, pytz und
# tzdata kamen bei jedem Deploy in der Fassung, die an dem Tag gerade neu war.
# Damit kann ein Bau, der gestern lief, heute etwas anderes bauen — und der
# Unterschied faellt erst auf, wenn er stoert (Messung PJ11, VL02).
#
# Erzeugt am 05.09.2026 fuer die Zielumgebung des Dienstes:
#
#     python -m pip install --dry-run --only-binary=:all: \
#         --python-version 3.12 --implementation cp --abi cp312 \
#         --platform manylinux2014_x86_64 --report - -r requirements.txt
#
# Python 3.12 und manylinux, weil Railway genau das baut (runtime.txt). Auf einem
# anderen Ziel loest der Befehl andere Fassungen auf — deshalb steht der Aufruf
# hier und nicht nur das Ergebnis.
#
# Aendern: erst requirements.txt, dann den Befehl oben laufen lassen und das
# Ergebnis hier eintragen. Nicht umgekehrt.
APScheduler==3.10.4
asgiref==3.12.1
Django==5.0.6
gunicorn==22.0.0
packaging==26.3
psycopg2-binary==2.9.9
pytz==2026.3.post1
six==1.17.0
sqlparse==0.6.0
tzdata==2026.3
tzlocal==5.4.4
whitenoise==6.7.0
